
Microsoft Visual Studio Solution File, Format Version 12.00
# Visual Studio Version 16
VisualStudioVersion = 16.0.30717.126
MinimumVisualStudioVersion = 10.0.40219.1
Project("{FAE04EC0-301F-11D3-BF4B-00C04F79EFBC}") = "LineBotService", "LineBotService\LineBotService.csproj", "{826355F3-1A0C-4C24-A9C3-2A4EBD76FC38}"
EndProject
Global
	GlobalSection(SolutionConfigurationPlatforms) = preSolution
		Debug|Any CPU = Debug|Any CPU
		Release|Any CPU = Release|Any CPU
	EndGlobalSection
	GlobalSection(ProjectConfigurationPlatforms) = postSolution
		{826355F3-1A0C-4C24-A9C3-2A4EBD76FC38}.Debug|Any CPU.ActiveCfg = Debug|Any CPU
		{826355F3-1A0C-4C24-A9C3-2A4EBD76FC38}.Debug|Any CPU.Build.0 = Debug|Any CPU
		{826355F3-1A0C-4C24-A9C3-2A4EBD76FC38}.Release|Any CPU.ActiveCfg = Release|Any CPU
		{826355F3-1A0C-4C24-A9C3-2A4EBD76FC38}.Release|Any CPU.Build.0 = Release|Any CPU
	EndGlobalSection
	GlobalSection(SolutionProperties) = preSolution
		HideSolutionNode = FALSE
	EndGlobalSection
	GlobalSection(ExtensibilityGlobals) = postSolution
		SolutionGuid = {E7671FAE-0E21-419C-AC95-AB7EFD346912}
	EndGlobalSection
EndGlobal
